{
  "name": "LHS.SvgIcons.Lucide",
  "lockfileVersion": 3,
  "requires": true,
  "packages": {
    "": {
      "dependencies": {
        "lucide-static": "^0.513.0"
      }
    },
    "node_modules/lucide-static": {
      "version": "0.513.0",
      "resolved": "https://registry.npmjs.org/lucide-static/-/lucide-static-0.513.0.tgz",
      "integrity": "sha512-ooHRaGb50HQdsKqElHlFDdacU3pCWMHr39mUHwBcdPj4v9XH56S1rNEbNBQB2f1b1KcZsSCHQVywtF6e3fuOIA==",
      "license": "ISC"
    }
  }
}
